{
  "name": "arnavyc.github.io",
  "version": "0.0.0",
  "lockfileVersion": 2,
  "requires": true,
  "packages": {
    "": {
      "name": "arnavyc.github.io",
      "version": "0.0.0",
      "license": "0BSD",
      "devDependencies": {
        "@arkweid/lefthook": "0.7.6",
        "prettier": "2.4.0",
        "prettier-plugin-go-template": "0.0.11"
      }
    },
    "node_modules/@arkweid/lefthook": {
      "version": "0.7.6",
      "resolved": "https://registry.npmjs.org/@arkweid/lefthook/-/lefthook-0.7.6.tgz",
      "integrity": "sha512-dm8UE0+9sbDRFJ6BMYpOrg56W3/wpZq2eBkGsCM+iSBrEKQF8hXFZ4eEEBxo25yfEPNVZguN/FbZcRmkeCyRiA==",
      "cpu": [
        "x64",
        "arm64",
        "ia32"
      ],
      "dev": true,
      "hasInstallScript": true,
      "os": [
        "darwin",
        "linux",
        "win32"
      ],
      "bin": {
        "lefthook": "bin/index.js"
      }
    },
    "node_modules/prettier": {
      "version": "2.4.0",
      "resolved": "https://registry.npmjs.org/prettier/-/prettier-2.4.0.tgz",
      "integrity": "sha512-DsEPLY1dE5HF3BxCRBmD4uYZ+5DCbvatnolqTqcxEgKVZnL2kUfyu7b8pPQ5+hTBkdhU9SLUmK0/pHb07RE4WQ==",
      "dev": true,
      "bin": {
        "prettier": "bin-prettier.js"
      },
      "engines": {
        "node": ">=10.13.0"
      }
    },
    "node_modules/prettier-plugin-go-template": {
      "version": "0.0.11",
      "resolved": "https://registry.npmjs.org/prettier-plugin-go-template/-/prettier-plugin-go-template-0.0.11.tgz",
      "integrity": "sha512-qtgoEjvbgmcDp9TOqYNgrPrA41s6S1UMyzMqjcxdxQahTX0webWfbamyA/x3XeBFEEJmgXrRAirzJrIVzImsMg==",
      "dev": true,
      "dependencies": {
        "ulid": "^2.3.0"
      },
      "engines": {
        "node": ">=10.0.0"
      },
      "peerDependencies": {
        "prettier": "^2.0.0"
      }
    },
    "node_modules/ulid": {
      "version": "2.3.0",
      "resolved": "https://registry.npmjs.org/ulid/-/ulid-2.3.0.tgz",
      "integrity": "sha512-keqHubrlpvT6G2wH0OEfSW4mquYRcbe/J8NMmveoQOjUqmo+hXtO+ORCpWhdbZ7k72UtY61BL7haGxW6enBnjw==",
      "dev": true,
      "bin": {
        "ulid": "bin/cli.js"
      }
    }
  },
  "dependencies": {
    "@arkweid/lefthook": {
      "version": "0.7.6",
      "resolved": "https://registry.npmjs.org/@arkweid/lefthook/-/lefthook-0.7.6.tgz",
      "integrity": "sha512-dm8UE0+9sbDRFJ6BMYpOrg56W3/wpZq2eBkGsCM+iSBrEKQF8hXFZ4eEEBxo25yfEPNVZguN/FbZcRmkeCyRiA==",
      "dev": true
    },
    "prettier": {
      "version": "2.4.0",
      "resolved": "https://registry.npmjs.org/prettier/-/prettier-2.4.0.tgz",
      "integrity": "sha512-DsEPLY1dE5HF3BxCRBmD4uYZ+5DCbvatnolqTqcxEgKVZnL2kUfyu7b8pPQ5+hTBkdhU9SLUmK0/pHb07RE4WQ==",
      "dev": true
    },
    "prettier-plugin-go-template": {
      "version": "0.0.11",
      "resolved": "https://registry.npmjs.org/prettier-plugin-go-template/-/prettier-plugin-go-template-0.0.11.tgz",
      "integrity": "sha512-qtgoEjvbgmcDp9TOqYNgrPrA41s6S1UMyzMqjcxdxQahTX0webWfbamyA/x3XeBFEEJmgXrRAirzJrIVzImsMg==",
      "dev": true,
      "requires": {
        "ulid": "^2.3.0"
      }
    },
    "ulid": {
      "version": "2.3.0",
      "resolved": "https://registry.npmjs.org/ulid/-/ulid-2.3.0.tgz",
      "integrity": "sha512-keqHubrlpvT6G2wH0OEfSW4mquYRcbe/J8NMmveoQOjUqmo+hXtO+ORCpWhdbZ7k72UtY61BL7haGxW6enBnjw==",
      "dev": true
    }
  }
}
